
Microsoft Visual Studio Solution File, Format Version 12.00
# Visual Studio Version 17
VisualStudioVersion = 17.14.36221.1 d17.14
MinimumVisualStudioVersion = 10.0.40219.1
Project("{FAE04EC0-301F-11D3-BF4B-00C04F79EFBC}") = "Sikaku_Kakomi_01", "Sikaku_Kakomi_01\Sikaku_Kakomi_01.csproj", "{E03120C6-0D21-4C6F-8BEB-9C58BCF4084F}"
EndProject
Global
	GlobalSection(SolutionConfigurationPlatforms) = preSolution
		Debug|Any CPU = Debug|Any CPU
		Release|Any CPU = Release|Any CPU
	EndGlobalSection
	GlobalSection(ProjectConfigurationPlatforms) = postSolution
		{E03120C6-0D21-4C6F-8BEB-9C58BCF4084F}.Debug|Any CPU.ActiveCfg = Debug|Any CPU
		{E03120C6-0D21-4C6F-8BEB-9C58BCF4084F}.Debug|Any CPU.Build.0 = Debug|Any CPU
		{E03120C6-0D21-4C6F-8BEB-9C58BCF4084F}.Release|Any CPU.ActiveCfg = Release|Any CPU
		{E03120C6-0D21-4C6F-8BEB-9C58BCF4084F}.Release|Any CPU.Build.0 = Release|Any CPU
	EndGlobalSection
	GlobalSection(SolutionProperties) = preSolution
		HideSolutionNode = FALSE
	EndGlobalSection
	GlobalSection(ExtensibilityGlobals) = postSolution
		SolutionGuid = {9F37EC7F-40C3-4CA2-89E6-52E039128357}
	EndGlobalSection
EndGlobal
